
Microsoft Visual Studio Solution File, Format Version 12.00
# Visual Studio 14
VisualStudioVersion = 14.0.23107.0
MinimumVisualStudioVersion = 10.0.40219.1
Project("{FAE04EC0-301F-11D3-BF4B-00C04F79EFBC}") = "MVC_Block", "MVC_Block\MVC_Block.csproj", "{4FE09A82-F01E-4342-9F31-116A2CFA1865}"
EndProject
Project("{FAE04EC0-301F-11D3-BF4B-00C04F79EFBC}") = "Repo_Block", "Repo_Block\Repo_Block.csproj", "{FC159B5E-A945-40CC-A914-5CC326868D7B}"
EndProject
Global
	GlobalSection(SolutionConfigurationPlatforms) = preSolution
		Debug|Any CPU = Debug|Any CPU
		Release|Any CPU = Release|Any CPU
	EndGlobalSection
	GlobalSection(ProjectConfigurationPlatforms) = postSolution
		{4FE09A82-F01E-4342-9F31-116A2CFA1865}.Debug|Any CPU.ActiveCfg = Debug|Any CPU
		{4FE09A82-F01E-4342-9F31-116A2CFA1865}.Debug|Any CPU.Build.0 = Debug|Any CPU
		{4FE09A82-F01E-4342-9F31-116A2CFA1865}.Release|Any CPU.ActiveCfg = Release|Any CPU
		{4FE09A82-F01E-4342-9F31-116A2CFA1865}.Release|Any CPU.Build.0 = Release|Any CPU
		{FC159B5E-A945-40CC-A914-5CC326868D7B}.Debug|Any CPU.ActiveCfg = Debug|Any CPU
		{FC159B5E-A945-40CC-A914-5CC326868D7B}.Debug|Any CPU.Build.0 = Debug|Any CPU
		{FC159B5E-A945-40CC-A914-5CC326868D7B}.Release|Any CPU.ActiveCfg = Release|Any CPU
		{FC159B5E-A945-40CC-A914-5CC326868D7B}.Release|Any CPU.Build.0 = Release|Any CPU
	EndGlobalSection
	GlobalSection(SolutionProperties) = preSolution
		HideSolutionNode = FALSE
	EndGlobalSection
EndGlobal
